
Microsoft Visual Studio Solution File, Format Version 12.00
# Visual Studio Version 17
VisualStudioVersion = 17.0.32014.148
MinimumVisualStudioVersion = 10.0.40219.1
Project("{FAE04EC0-301F-11D3-BF4B-00C04F79EFBC}") = "ConverterIMG", "ConverterIMG.csproj", "{FE754F5B-6052-4F4E-B15D-AF82DFDFC25D}"
EndProject
Global
	GlobalSection(SolutionConfigurationPlatforms) = preSolution
		Debug|Any CPU = Debug|Any CPU
		Release|Any CPU = Release|Any CPU
	EndGlobalSection
	GlobalSection(ProjectConfigurationPlatforms) = postSolution
		{FE754F5B-6052-4F4E-B15D-AF82DFDFC25D}.Debug|Any CPU.ActiveCfg = Debug|Any CPU
		{FE754F5B-6052-4F4E-B15D-AF82DFDFC25D}.Debug|Any CPU.Build.0 = Debug|Any CPU
		{FE754F5B-6052-4F4E-B15D-AF82DFDFC25D}.Release|Any CPU.ActiveCfg = Release|Any CPU
		{FE754F5B-6052-4F4E-B15D-AF82DFDFC25D}.Release|Any CPU.Build.0 = Release|Any CPU
	EndGlobalSection
	GlobalSection(SolutionProperties) = preSolution
		HideSolutionNode = FALSE
	EndGlobalSection
	GlobalSection(ExtensibilityGlobals) = postSolution
		SolutionGuid = {5FCAF6EA-2F30-4069-BEE0-8790C0CB816B}
	EndGlobalSection
EndGlobal
